
Microsoft Visual Studio Solution File, Format Version 12.00
# Visual Studio Version 17
VisualStudioVersion = 17.2.32630.192
MinimumVisualStudioVersion = 10.0.40219.1
Project("{9A19103F-16F7-4668-BE54-9A1E7A4F7556}") = "R5T.T0051", "R5T.T0051\R5T.T0051.csproj", "{431A4F5D-7901-4C6B-8806-7E669D66824C}"
EndProject
Project("{2150E333-8FDC-42A3-9474-1A3956D46DE8}") = "_Dependencies", "_Dependencies", "{0884EDAA-9939-4F93-8F0D-C30C7491072D}"
EndProject
Project("{9A19103F-16F7-4668-BE54-9A1E7A4F7556}") = "R5T.Magyar", "..\..\R5T.Magyar\source\R5T.Magyar\R5T.Magyar.csproj", "{002C8960-07B1-4E53-99B6-A2210EC56215}"
EndProject
Project("{9A19103F-16F7-4668-BE54-9A1E7A4F7556}") = "R5T.T0049", "..\..\R5T.T0049\source\R5T.T0049\R5T.T0049.csproj", "{F17115FA-94F9-49E3-8001-682BF1C1A063}"
EndProject
Project("{9A19103F-16F7-4668-BE54-9A1E7A4F7556}") = "R5T.T0050", "..\..\R5T.T0050\source\R5T.T0050\R5T.T0050.csproj", "{CF8D7E02-416C-4649-B7F7-2EBA5F20F15F}"
EndProject
Project("{9A19103F-16F7-4668-BE54-9A1E7A4F7556}") = "R5T.T0039.T002", "..\..\R5T.T0039\source\R5T.T0039.T002\R5T.T0039.T002.csproj", "{48AA4DA2-E646-4741-BFA2-96FCBAF4F43A}"
EndProject
Project("{9A19103F-16F7-4668-BE54-9A1E7A4F7556}") = "R5T.Magyar.T002", "..\..\R5T.Magyar\source\R5T.Magyar.T002\R5T.Magyar.T002.csproj", "{A04DADB8-EADF-419B-B7CD-D063DFA4291E}"
EndProject
Project("{9A19103F-16F7-4668-BE54-9A1E7A4F7556}") = "R5T.Stagira", "..\..\R5T.Stagira\source\R5T.Stagira\R5T.Stagira.csproj", "{8C0A27AE-44F5-4964-9035-0DEE5E17C563}"
EndProject
Project("{9A19103F-16F7-4668-BE54-9A1E7A4F7556}") = "R5T.T0034.X009", "..\..\R5T.T0034\source\R5T.T0034.X009\R5T.T0034.X009.csproj", "{D3EC5E4E-E75E-4F96-BDC4-7AA1875B97F3}"
EndProject
Project("{9A19103F-16F7-4668-BE54-9A1E7A4F7556}") = "R5T.T0051.X002", "R5T.T0051.X002\R5T.T0051.X002.csproj", "{31495DD7-1B92-4A89-9029-0BA31A53CB0B}"
EndProject
Project("{9A19103F-16F7-4668-BE54-9A1E7A4F7556}") = "R5T.Newport.Extensions", "..\..\R5T.Newport\source\R5T.Newport.Extensions\R5T.Newport.Extensions.csproj", "{C913BBDA-5D2A-457E-9C02-40EC2B982B4A}"
EndProject
Project("{9A19103F-16F7-4668-BE54-9A1E7A4F7556}") = "R5T.Newport", "..\..\R5T.Newport\source\R5T.Newport\R5T.Newport.csproj", "{6CEB10C3-16C1-4838-897A-DB6D72505191}"
EndProject
Project("{9A19103F-16F7-4668-BE54-9A1E7A4F7556}") = "R5T.T0034", "..\..\R5T.T0034\source\R5T.T0034\R5T.T0034.csproj", "{EE243BE2-E7BB-4CB7-8712-3A506A5D787B}"
EndProject
Project("{9A19103F-16F7-4668-BE54-9A1E7A4F7556}") = "R5T.T0035.X003", "..\..\R5T.T0035\source\R5T.T0035.X003\R5T.T0035.X003.csproj", "{337171F8-FCFD-4A16-BB3C-5CB9213B6436}"
EndProject
Project("{9A19103F-16F7-4668-BE54-9A1E7A4F7556}") = "R5T.T0035", "..\..\R5T.T0035\source\R5T.T0035\R5T.T0035.csproj", "{B1A47461-8102-45EC-9A15-E7B99D6C587B}"
EndProject
Global
	GlobalSection(NestedProjects) = preSolution
		{002C8960-07B1-4E53-99B6-A2210EC56215} = {0884EDAA-9939-4F93-8F0D-C30C7491072D}
		{F17115FA-94F9-49E3-8001-682BF1C1A063} = {0884EDAA-9939-4F93-8F0D-C30C7491072D}
		{CF8D7E02-416C-4649-B7F7-2EBA5F20F15F} = {0884EDAA-9939-4F93-8F0D-C30C7491072D}
		{48AA4DA2-E646-4741-BFA2-96FCBAF4F43A} = {0884EDAA-9939-4F93-8F0D-C30C7491072D}
		{A04DADB8-EADF-419B-B7CD-D063DFA4291E} = {0884EDAA-9939-4F93-8F0D-C30C7491072D}
		{8C0A27AE-44F5-4964-9035-0DEE5E17C563} = {0884EDAA-9939-4F93-8F0D-C30C7491072D}
		{D3EC5E4E-E75E-4F96-BDC4-7AA1875B97F3} = {0884EDAA-9939-4F93-8F0D-C30C7491072D}
		{C913BBDA-5D2A-457E-9C02-40EC2B982B4A} = {0884EDAA-9939-4F93-8F0D-C30C7491072D}
		{6CEB10C3-16C1-4838-897A-DB6D72505191} = {0884EDAA-9939-4F93-8F0D-C30C7491072D}
		{EE243BE2-E7BB-4CB7-8712-3A506A5D787B} = {0884EDAA-9939-4F93-8F0D-C30C7491072D}
		{337171F8-FCFD-4A16-BB3C-5CB9213B6436} = {0884EDAA-9939-4F93-8F0D-C30C7491072D}
		{B1A47461-8102-45EC-9A15-E7B99D6C587B} = {0884EDAA-9939-4F93-8F0D-C30C7491072D}
	EndGlobalSection
	GlobalSection(SolutionConfigurationPlatforms) = preSolution
		Debug|Any CPU = Debug|Any CPU
		Debug|x64 = Debug|x64
		Debug|x86 = Debug|x86
		Release|Any CPU = Release|Any CPU
		Release|x64 = Release|x64
		Release|x86 = Release|x86
	EndGlobalSection
	GlobalSection(ProjectConfigurationPlatforms) = postSolution
		{431A4F5D-7901-4C6B-8806-7E669D66824C}.Debug|Any CPU.ActiveCfg = Debug|Any CPU
		{431A4F5D-7901-4C6B-8806-7E669D66824C}.Debug|Any CPU.Build.0 = Debug|Any CPU
		{431A4F5D-7901-4C6B-8806-7E669D66824C}.Debug|x64.ActiveCfg = Debug|Any CPU
		{431A4F5D-7901-4C6B-8806-7E669D66824C}.Debug|x64.Build.0 = Debug|Any CPU
		{431A4F5D-7901-4C6B-8806-7E669D66824C}.Debug|x86.ActiveCfg = Debug|Any CPU
		{431A4F5D-7901-4C6B-8806-7E669D66824C}.Debug|x86.Build.0 = Debug|Any CPU
		{431A4F5D-7901-4C6B-8806-7E669D66824C}.Release|Any CPU.ActiveCfg = Release|Any CPU
		{431A4F5D-7901-4C6B-8806-7E669D66824C}.Release|Any CPU.Build.0 = Release|Any CPU
		{431A4F5D-7901-4C6B-8806-7E669D66824C}.Release|x64.ActiveCfg = Release|Any CPU
		{431A4F5D-7901-4C6B-8806-7E669D66824C}.Release|x64.Build.0 = Release|Any CPU
		{431A4F5D-7901-4C6B-8806-7E669D66824C}.Release|x86.ActiveCfg = Release|Any CPU
		{431A4F5D-7901-4C6B-8806-7E669D66824C}.Release|x86.Build.0 = Release|Any CPU
		{002C8960-07B1-4E53-99B6-A2210EC56215}.Debug|Any CPU.ActiveCfg = Debug|Any CPU
		{002C8960-07B1-4E53-99B6-A2210EC56215}.Debug|Any CPU.Build.0 = Debug|Any CPU
		{002C8960-07B1-4E53-99B6-A2210EC56215}.Debug|x64.ActiveCfg = Debug|Any CPU
		{002C8960-07B1-4E53-99B6-A2210EC56215}.Debug|x64.Build.0 = Debug|Any CPU
		{002C8960-07B1-4E53-99B6-A2210EC56215}.Debug|x86.ActiveCfg = Debug|Any CPU
		{002C8960-07B1-4E53-99B6-A2210EC56215}.Debug|x86.Build.0 = Debug|Any CPU
		{002C8960-07B1-4E53-99B6-A2210EC56215}.Release|Any CPU.ActiveCfg = Release|Any CPU
		{002C8960-07B1-4E53-99B6-A2210EC56215}.Release|Any CPU.Build.0 = Release|Any CPU
		{002C8960-07B1-4E53-99B6-A2210EC56215}.Release|x64.ActiveCfg = Release|Any CPU
		{002C8960-07B1-4E53-99B6-A2210EC56215}.Release|x64.Build.0 = Release|Any CPU
		{002C8960-07B1-4E53-99B6-A2210EC56215}.Release|x86.ActiveCfg = Release|Any CPU
		{002C8960-07B1-4E53-99B6-A2210EC56215}.Release|x86.Build.0 = Release|Any CPU
		{F17115FA-94F9-49E3-8001-682BF1C1A063}.Debug|Any CPU.ActiveCfg = Debug|Any CPU
		{F17115FA-94F9-49E3-8001-682BF1C1A063}.Debug|Any CPU.Build.0 = Debug|Any CPU
		{F17115FA-94F9-49E3-8001-682BF1C1A063}.Debug|x64.ActiveCfg = Debug|Any CPU
		{F17115FA-94F9-49E3-8001-682BF1C1A063}.Debug|x64.Build.0 = Debug|Any CPU
		{F17115FA-94F9-49E3-8001-682BF1C1A063}.Debug|x86.ActiveCfg = Debug|Any CPU
		{F17115FA-94F9-49E3-8001-682BF1C1A063}.Debug|x86.Build.0 = Debug|Any CPU
		{F17115FA-94F9-49E3-8001-682BF1C1A063}.Release|Any CPU.ActiveCfg = Release|Any CPU
		{F17115FA-94F9-49E3-8001-682BF1C1A063}.Release|Any CPU.Build.0 = Release|Any CPU
		{F17115FA-94F9-49E3-8001-682BF1C1A063}.Release|x64.ActiveCfg = Release|Any CPU
		{F17115FA-94F9-49E3-8001-682BF1C1A063}.Release|x64.Build.0 = Release|Any CPU
		{F17115FA-94F9-49E3-8001-682BF1C1A063}.Release|x86.ActiveCfg = Release|Any CPU
		{F17115FA-94F9-49E3-8001-682BF1C1A063}.Release|x86.Build.0 = Release|Any CPU
		{CF8D7E02-416C-4649-B7F7-2EBA5F20F15F}.Debug|Any CPU.ActiveCfg = Debug|Any CPU
		{CF8D7E02-416C-4649-B7F7-2EBA5F20F15F}.Debug|Any CPU.Build.0 = Debug|Any CPU
		{CF8D7E02-416C-4649-B7F7-2EBA5F20F15F}.Debug|x64.ActiveCfg = Debug|Any CPU
		{CF8D7E02-416C-4649-B7F7-2EBA5F20F15F}.Debug|x64.Build.0 = Debug|Any CPU
		{CF8D7E02-416C-4649-B7F7-2EBA5F20F15F}.Debug|x86.ActiveCfg = Debug|Any CPU
		{CF8D7E02-416C-4649-B7F7-2EBA5F20F15F}.Debug|x86.Build.0 = Debug|Any CPU
		{CF8D7E02-416C-4649-B7F7-2EBA5F20F15F}.Release|Any CPU.ActiveCfg = Release|Any CPU
		{CF8D7E02-416C-4649-B7F7-2EBA5F20F15F}.Release|Any CPU.Build.0 = Release|Any CPU
		{CF8D7E02-416C-4649-B7F7-2EBA5F20F15F}.Release|x64.ActiveCfg = Release|Any CPU
		{CF8D7E02-416C-4649-B7F7-2EBA5F20F15F}.Release|x64.Build.0 = Release|Any CPU
		{CF8D7E02-416C-4649-B7F7-2EBA5F20F15F}.Release|x86.ActiveCfg = Release|Any CPU
		{CF8D7E02-416C-4649-B7F7-2EBA5F20F15F}.Release|x86.Build.0 = Release|Any CPU
		{48AA4DA2-E646-4741-BFA2-96FCBAF4F43A}.Debug|Any CPU.ActiveCfg = Debug|Any CPU
		{48AA4DA2-E646-4741-BFA2-96FCBAF4F43A}.Debug|Any CPU.Build.0 = Debug|Any CPU
		{48AA4DA2-E646-4741-BFA2-96FCBAF4F43A}.Debug|x64.ActiveCfg = Debug|Any CPU
		{48AA4DA2-E646-4741-BFA2-96FCBAF4F43A}.Debug|x64.Build.0 = Debug|Any CPU
		{48AA4DA2-E646-4741-BFA2-96FCBAF4F43A}.Debug|x86.ActiveCfg = Debug|Any CPU
		{48AA4DA2-E646-4741-BFA2-96FCBAF4F43A}.Debug|x86.Build.0 = Debug|Any CPU
		{48AA4DA2-E646-4741-BFA2-96FCBAF4F43A}.Release|Any CPU.ActiveCfg = Release|Any CPU
		{48AA4DA2-E646-4741-BFA2-96FCBAF4F43A}.Release|Any CPU.Build.0 = Release|Any CPU
		{48AA4DA2-E646-4741-BFA2-96FCBAF4F43A}.Release|x64.ActiveCfg = Release|Any CPU
		{48AA4DA2-E646-4741-BFA2-96FCBAF4F43A}.Release|x64.Build.0 = Release|Any CPU
		{48AA4DA2-E646-4741-BFA2-96FCBAF4F43A}.Release|x86.ActiveCfg = Release|Any CPU
		{48AA4DA2-E646-4741-BFA2-96FCBAF4F43A}.Release|x86.Build.0 = Release|Any CPU
		{A04DADB8-EADF-419B-B7CD-D063DFA4291E}.Debug|Any CPU.ActiveCfg = Debug|Any CPU
		{A04DADB8-EADF-419B-B7CD-D063DFA4291E}.Debug|Any CPU.Build.0 = Debug|Any CPU
		{A04DADB8-EADF-419B-B7CD-D063DFA4291E}.Debug|x64.ActiveCfg = Debug|Any CPU
		{A04DADB8-EADF-419B-B7CD-D063DFA4291E}.Debug|x64.Build.0 = Debug|Any CPU
		{A04DADB8-EADF-419B-B7CD-D063DFA4291E}.Debug|x86.ActiveCfg = Debug|Any CPU
		{A04DADB8-EADF-419B-B7CD-D063DFA4291E}.Debug|x86.Build.0 = Debug|Any CPU
		{A04DADB8-EADF-419B-B7CD-D063DFA4291E}.Release|Any CPU.ActiveCfg = Release|Any CPU
		{A04DADB8-EADF-419B-B7CD-D063DFA4291E}.Release|Any CPU.Build.0 = Release|Any CPU
		{A04DADB8-EADF-419B-B7CD-D063DFA4291E}.Release|x64.ActiveCfg = Release|Any CPU
		{A04DADB8-EADF-419B-B7CD-D063DFA4291E}.Release|x64.Build.0 = Release|Any CPU
		{A04DADB8-EADF-419B-B7CD-D063DFA4291E}.Release|x86.ActiveCfg = Release|Any CPU
		{A04DADB8-EADF-419B-B7CD-D063DFA4291E}.Release|x86.Build.0 = Release|Any CPU
		{8C0A27AE-44F5-4964-9035-0DEE5E17C563}.Debug|Any CPU.ActiveCfg = Debug|Any CPU
		{8C0A27AE-44F5-4964-9035-0DEE5E17C563}.Debug|Any CPU.Build.0 = Debug|Any CPU
		{8C0A27AE-44F5-4964-9035-0DEE5E17C563}.Debug|x64.ActiveCfg = Debug|Any CPU
		{8C0A27AE-44F5-4964-9035-0DEE5E17C563}.Debug|x64.Build.0 = Debug|Any CPU
		{8C0A27AE-44F5-4964-9035-0DEE5E17C563}.Debug|x86.ActiveCfg = Debug|Any CPU
		{8C0A27AE-44F5-4964-9035-0DEE5E17C563}.Debug|x86.Build.0 = Debug|Any CPU
		{8C0A27AE-44F5-4964-9035-0DEE5E17C563}.Release|Any CPU.ActiveCfg = Release|Any CPU
		{8C0A27AE-44F5-4964-9035-0DEE5E17C563}.Release|Any CPU.Build.0 = Release|Any CPU
		{8C0A27AE-44F5-4964-9035-0DEE5E17C563}.Release|x64.ActiveCfg = Release|Any CPU
		{8C0A27AE-44F5-4964-9035-0DEE5E17C563}.Release|x64.Build.0 = Release|Any CPU
		{8C0A27AE-44F5-4964-9035-0DEE5E17C563}.Release|x86.ActiveCfg = Release|Any CPU
		{8C0A27AE-44F5-4964-9035-0DEE5E17C563}.Release|x86.Build.0 = Release|Any CPU
		{D3EC5E4E-E75E-4F96-BDC4-7AA1875B97F3}.Debug|Any CPU.ActiveCfg = Debug|Any CPU
		{D3EC5E4E-E75E-4F96-BDC4-7AA1875B97F3}.Debug|Any CPU.Build.0 = Debug|Any CPU
		{D3EC5E4E-E75E-4F96-BDC4-7AA1875B97F3}.Debug|x64.ActiveCfg = Debug|Any CPU
		{D3EC5E4E-E75E-4F96-BDC4-7AA1875B97F3}.Debug|x64.Build.0 = Debug|Any CPU
		{D3EC5E4E-E75E-4F96-BDC4-7AA1875B97F3}.Debug|x86.ActiveCfg = Debug|Any CPU
		{D3EC5E4E-E75E-4F96-BDC4-7AA1875B97F3}.Debug|x86.Build.0 = Debug|Any CPU
		{D3EC5E4E-E75E-4F96-BDC4-7AA1875B97F3}.Release|Any CPU.ActiveCfg = Release|Any CPU
		{D3EC5E4E-E75E-4F96-BDC4-7AA1875B97F3}.Release|Any CPU.Build.0 = Release|Any CPU
		{D3EC5E4E-E75E-4F96-BDC4-7AA1875B97F3}.Release|x64.ActiveCfg = Release|Any CPU
		{D3EC5E4E-E75E-4F96-BDC4-7AA1875B97F3}.Release|x64.Build.0 = Release|Any CPU
		{D3EC5E4E-E75E-4F96-BDC4-7AA1875B97F3}.Release|x86.ActiveCfg = Release|Any CPU
		{D3EC5E4E-E75E-4F96-BDC4-7AA1875B97F3}.Release|x86.Build.0 = Release|Any CPU
		{31495DD7-1B92-4A89-9029-0BA31A53CB0B}.Debug|Any CPU.ActiveCfg = Debug|Any CPU
		{31495DD7-1B92-4A89-9029-0BA31A53CB0B}.Debug|Any CPU.Build.0 = Debug|Any CPU
		{31495DD7-1B92-4A89-9029-0BA31A53CB0B}.Debug|x64.ActiveCfg = Debug|Any CPU
		{31495DD7-1B92-4A89-9029-0BA31A53CB0B}.Debug|x64.Build.0 = Debug|Any CPU
		{31495DD7-1B92-4A89-9029-0BA31A53CB0B}.Debug|x86.ActiveCfg = Debug|Any CPU
		{31495DD7-1B92-4A89-9029-0BA31A53CB0B}.Debug|x86.Build.0 = Debug|Any CPU
		{31495DD7-1B92-4A89-9029-0BA31A53CB0B}.Release|Any CPU.ActiveCfg = Release|Any CPU
		{31495DD7-1B92-4A89-9029-0BA31A53CB0B}.Release|Any CPU.Build.0 = Release|Any CPU
		{31495DD7-1B92-4A89-9029-0BA31A53CB0B}.Release|x64.ActiveCfg = Release|Any CPU
		{31495DD7-1B92-4A89-9029-0BA31A53CB0B}.Release|x64.Build.0 = Release|Any CPU
		{31495DD7-1B92-4A89-9029-0BA31A53CB0B}.Release|x86.ActiveCfg = Release|Any CPU
		{31495DD7-1B92-4A89-9029-0BA31A53CB0B}.Release|x86.Build.0 = Release|Any CPU
		{C913BBDA-5D2A-457E-9C02-40EC2B982B4A}.Debug|Any CPU.ActiveCfg = Debug|Any CPU
		{C913BBDA-5D2A-457E-9C02-40EC2B982B4A}.Debug|Any CPU.Build.0 = Debug|Any CPU
		{C913BBDA-5D2A-457E-9C02-40EC2B982B4A}.Debug|x64.ActiveCfg = Debug|Any CPU
		{C913BBDA-5D2A-457E-9C02-40EC2B982B4A}.Debug|x64.Build.0 = Debug|Any CPU
		{C913BBDA-5D2A-457E-9C02-40EC2B982B4A}.Debug|x86.ActiveCfg = Debug|Any CPU
		{C913BBDA-5D2A-457E-9C02-40EC2B982B4A}.Debug|x86.Build.0 = Debug|Any CPU
		{C913BBDA-5D2A-457E-9C02-40EC2B982B4A}.Release|Any CPU.ActiveCfg = Release|Any CPU
		{C913BBDA-5D2A-457E-9C02-40EC2B982B4A}.Release|Any CPU.Build.0 = Release|Any CPU
		{C913BBDA-5D2A-457E-9C02-40EC2B982B4A}.Release|x64.ActiveCfg = Release|Any CPU
		{C913BBDA-5D2A-457E-9C02-40EC2B982B4A}.Release|x64.Build.0 = Release|Any CPU
		{C913BBDA-5D2A-457E-9C02-40EC2B982B4A}.Release|x86.ActiveCfg = Release|Any CPU
		{C913BBDA-5D2A-457E-9C02-40EC2B982B4A}.Release|x86.Build.0 = Release|Any CPU
		{6CEB10C3-16C1-4838-897A-DB6D72505191}.Debug|Any CPU.ActiveCfg = Debug|Any CPU
		{6CEB10C3-16C1-4838-897A-DB6D72505191}.Debug|Any CPU.Build.0 = Debug|Any CPU
		{6CEB10C3-16C1-4838-897A-DB6D72505191}.Debug|x64.ActiveCfg = Debug|Any CPU
		{6CEB10C3-16C1-4838-897A-DB6D72505191}.Debug|x64.Build.0 = Debug|Any CPU
		{6CEB10C3-16C1-4838-897A-DB6D72505191}.Debug|x86.ActiveCfg = Debug|Any CPU
		{6CEB10C3-16C1-4838-897A-DB6D72505191}.Debug|x86.Build.0 = Debug|Any CPU
		{6CEB10C3-16C1-4838-897A-DB6D72505191}.Release|Any CPU.ActiveCfg = Release|Any CPU
		{6CEB10C3-16C1-4838-897A-DB6D72505191}.Release|Any CPU.Build.0 = Release|Any CPU
		{6CEB10C3-16C1-4838-897A-DB6D72505191}.Release|x64.ActiveCfg = Release|Any CPU
		{6CEB10C3-16C1-4838-897A-DB6D72505191}.Release|x64.Build.0 = Release|Any CPU
		{6CEB10C3-16C1-4838-897A-DB6D72505191}.Release|x86.ActiveCfg = Release|Any CPU
		{6CEB10C3-16C1-4838-897A-DB6D72505191}.Release|x86.Build.0 = Release|Any CPU
		{EE243BE2-E7BB-4CB7-8712-3A506A5D787B}.Debug|Any CPU.ActiveCfg = Debug|Any CPU
		{EE243BE2-E7BB-4CB7-8712-3A506A5D787B}.Debug|Any CPU.Build.0 = Debug|Any CPU
		{EE243BE2-E7BB-4CB7-8712-3A506A5D787B}.Debug|x64.ActiveCfg = Debug|Any CPU
		{EE243BE2-E7BB-4CB7-8712-3A506A5D787B}.Debug|x64.Build.0 = Debug|Any CPU
		{EE243BE2-E7BB-4CB7-8712-3A506A5D787B}.Debug|x86.ActiveCfg = Debug|Any CPU
		{EE243BE2-E7BB-4CB7-8712-3A506A5D787B}.Debug|x86.Build.0 = Debug|Any CPU
		{EE243BE2-E7BB-4CB7-8712-3A506A5D787B}.Release|Any CPU.ActiveCfg = Release|Any CPU
		{EE243BE2-E7BB-4CB7-8712-3A506A5D787B}.Release|Any CPU.Build.0 = Release|Any CPU
		{EE243BE2-E7BB-4CB7-8712-3A506A5D787B}.Release|x64.ActiveCfg = Release|Any CPU
		{EE243BE2-E7BB-4CB7-8712-3A506A5D787B}.Release|x64.Build.0 = Release|Any CPU
		{EE243BE2-E7BB-4CB7-8712-3A506A5D787B}.Release|x86.ActiveCfg = Release|Any CPU
		{EE243BE2-E7BB-4CB7-8712-3A506A5D787B}.Release|x86.Build.0 = Release|Any CPU
		{337171F8-FCFD-4A16-BB3C-5CB9213B6436}.Debug|Any CPU.ActiveCfg = Debug|Any CPU
		{337171F8-FCFD-4A16-BB3C-5CB9213B6436}.Debug|Any CPU.Build.0 = Debug|Any CPU
		{337171F8-FCFD-4A16-BB3C-5CB9213B6436}.Debug|x64.ActiveCfg = Debug|Any CPU
		{337171F8-FCFD-4A16-BB3C-5CB9213B6436}.Debug|x64.Build.0 = Debug|Any CPU
		{337171F8-FCFD-4A16-BB3C-5CB9213B6436}.Debug|x86.ActiveCfg = Debug|Any CPU
		{337171F8-FCFD-4A16-BB3C-5CB9213B6436}.Debug|x86.Build.0 = Debug|Any CPU
		{337171F8-FCFD-4A16-BB3C-5CB9213B6436}.Release|Any CPU.ActiveCfg = Release|Any CPU
		{337171F8-FCFD-4A16-BB3C-5CB9213B6436}.Release|Any CPU.Build.0 = Release|Any CPU
		{337171F8-FCFD-4A16-BB3C-5CB9213B6436}.Release|x64.ActiveCfg = Release|Any CPU
		{337171F8-FCFD-4A16-BB3C-5CB9213B6436}.Release|x64.Build.0 = Release|Any CPU
		{337171F8-FCFD-4A16-BB3C-5CB9213B6436}.Release|x86.ActiveCfg = Release|Any CPU
		{337171F8-FCFD-4A16-BB3C-5CB9213B6436}.Release|x86.Build.0 = Release|Any CPU
		{B1A47461-8102-45EC-9A15-E7B99D6C587B}.Debug|Any CPU.ActiveCfg = Debug|Any CPU
		{B1A47461-8102-45EC-9A15-E7B99D6C587B}.Debug|Any CPU.Build.0 = Debug|Any CPU
		{B1A47461-8102-45EC-9A15-E7B99D6C587B}.Debug|x64.ActiveCfg = Debug|Any CPU
		{B1A47461-8102-45EC-9A15-E7B99D6C587B}.Debug|x64.Build.0 = Debug|Any CPU
		{B1A47461-8102-45EC-9A15-E7B99D6C587B}.Debug|x86.ActiveCfg = Debug|Any CPU
		{B1A47461-8102-45EC-9A15-E7B99D6C587B}.Debug|x86.Build.0 = Debug|Any CPU
		{B1A47461-8102-45EC-9A15-E7B99D6C587B}.Release|Any CPU.ActiveCfg = Release|Any CPU
		{B1A47461-8102-45EC-9A15-E7B99D6C587B}.Release|Any CPU.Build.0 = Release|Any CPU
		{B1A47461-8102-45EC-9A15-E7B99D6C587B}.Release|x64.ActiveCfg = Release|Any CPU
		{B1A47461-8102-45EC-9A15-E7B99D6C587B}.Release|x64.Build.0 = Release|Any CPU
		{B1A47461-8102-45EC-9A15-E7B99D6C587B}.Release|x86.ActiveCfg = Release|Any CPU
		{B1A47461-8102-45EC-9A15-E7B99D6C587B}.Release|x86.Build.0 = Release|Any CPU
	EndGlobalSection
	GlobalSection(SolutionProperties) = preSolution
		HideSolutionNode = FALSE
	EndGlobalSection
	GlobalSection(ExtensibilityGlobals) = postSolution
		SolutionGuid = {03B28E8C-0C05-4A66-8C9D-B093889C02DC}
	EndGlobalSection
EndGlobal
